version = 1
requires-python = ">=3.12"

[[package]]
name = "mypy-protobuf"
version = "3.6.0"
source = { registry = "https://pypi.org/simple" }
dependencies = [
    { name = "protobuf" },
    { name = "types-protobuf" },
]
sdist = { url = "https://files.pythonhosted.org/packages/4d/6f/282d64d66bf48ce60e38a6560753f784e0f88ab245ac2fb5e93f701a36cd/mypy-protobuf-3.6.0.tar.gz", hash = "sha256:02f242eb3409f66889f2b1a3aa58356ec4d909cdd0f93115622e9e70366eca3c", size = 24445 }
wheels = [
    { url = "https://files.pythonhosted.org/packages/e8/73/d6b999782ae22f16971cc05378b3b33f6a89ede3b9619e8366aa23484bca/mypy_protobuf-3.6.0-py3-none-any.whl", hash = "sha256:56176e4d569070e7350ea620262478b49b7efceba4103d468448f1d21492fd6c", size = 16434 },
]

[[package]]
name = "protobuf"
version = "5.28.0"
source = { registry = "https://pypi.org/simple" }
sdist = { url = "https://files.pythonhosted.org/packages/5f/d7/331ee1f3b798c34d2257c79d5426ecbe95d46d2b40ba808a29da6947f6d8/protobuf-5.28.0.tar.gz", hash = "sha256:dde74af0fa774fa98892209992295adbfb91da3fa98c8f67a88afe8f5a349add", size = 422388 }
wheels = [
    { url = "https://files.pythonhosted.org/packages/66/34/fc43138c93316839080324cb066f35224b75dae56b9f0fdd9d47c988ee9a/protobuf-5.28.0-cp310-abi3-win32.whl", hash = "sha256:66c3edeedb774a3508ae70d87b3a19786445fe9a068dd3585e0cefa8a77b83d0", size = 419672 },
    { url = "https://files.pythonhosted.org/packages/de/f7/e7e03be7e7307123f6467080f283e484de7e892db54dd9a46f057d08c9ee/protobuf-5.28.0-cp310-abi3-win_amd64.whl", hash = "sha256:6d7cc9e60f976cf3e873acb9a40fed04afb5d224608ed5c1a105db4a3f09c5b6", size = 431486 },
    { url = "https://files.pythonhosted.org/packages/ce/ec/34f67d6a3398aa360524d90f75a8c648c99c807b2f1001f5ab16355c1d12/protobuf-5.28.0-cp38-abi3-macosx_10_9_universal2.whl", hash = "sha256:532627e8fdd825cf8767a2d2b94d77e874d5ddb0adefb04b237f7cc296748681", size = 414744 },
    { url = "https://files.pythonhosted.org/packages/fe/79/636415c84eed9835fed83183db73fd6ea7ba76a85cae321ff2eaad722e85/protobuf-5.28.0-cp38-abi3-manylinux2014_aarch64.whl", hash = "sha256:018db9056b9d75eb93d12a9d35120f97a84d9a919bcab11ed56ad2d399d6e8dd", size = 316527 },
    { url = "https://files.pythonhosted.org/packages/19/15/da43113361db20f2d521bc38d92549edbe06856aeec085c420b2b8af5751/protobuf-5.28.0-cp38-abi3-manylinux2014_x86_64.whl", hash = "sha256:6206afcb2d90181ae8722798dcb56dc76675ab67458ac24c0dd7d75d632ac9bd", size = 316615 },
    { url = "https://files.pythonhosted.org/packages/e3/b2/4df9958122a0377e571972c71692420bafd623d1df3ce506d88c2aba7e12/protobuf-5.28.0-py3-none-any.whl", hash = "sha256:510ed78cd0980f6d3218099e874714cdf0d8a95582e7b059b06cabad855ed0a0", size = 169574 },
]

[[package]]
name = "python"
version = "0.1.0"
source = { editable = "." }

[package.dev-dependencies]
dev = [
    { name = "mypy-protobuf" },
]

[package.metadata]

[package.metadata.requires-dev]
dev = [{ name = "mypy-protobuf" }]

[[package]]
name = "types-protobuf"
version = "5.27.0.20240626"
source = { registry = "https://pypi.org/simple" }
sdist = { url = "https://files.pythonhosted.org/packages/4b/ab/4fe7579d3d64b3ae1def9c8fc57b8633e05edb506517a0b797f3f15c1bc4/types-protobuf-5.27.0.20240626.tar.gz", hash = "sha256:683ba14043bade6785e3f937a7498f243b37881a91ac8d81b9202ecf8b191e9c", size = 54215 }
wheels = [
    { url = "https://files.pythonhosted.org/packages/39/07/7d978dfd97592aa7c9a33f634e38b95ae81099ccf11b3ef97674477a03e4/types_protobuf-5.27.0.20240626-py3-none-any.whl", hash = "sha256:688e8f7e8d9295db26bc560df01fb731b27a25b77cbe4c1ce945647f7024f5c1", size = 68752 },
]
